
Microsoft Visual Studio Solution File, Format Version 12.00
# Visual Studio Version 17
VisualStudioVersion = 17.4.33122.133
MinimumVisualStudioVersion = 10.0.40219.1
Project("{F184B08F-C81C-45F6-A57F-5ABD9991F28F}") = "Assignment6", "Assignment6.vbproj", "{30EB102D-7843-4649-B41C-B8B38D0AA627}"
EndProject
Global
	GlobalSection(SolutionConfigurationPlatforms) = preSolution
		Debug|Any CPU = Debug|Any CPU
		Release|Any CPU = Release|Any CPU
	EndGlobalSection
	GlobalSection(ProjectConfigurationPlatforms) = postSolution
		{30EB102D-7843-4649-B41C-B8B38D0AA627}.Debug|Any CPU.ActiveCfg = Debug|Any CPU
		{30EB102D-7843-4649-B41C-B8B38D0AA627}.Debug|Any CPU.Build.0 = Debug|Any CPU
		{30EB102D-7843-4649-B41C-B8B38D0AA627}.Release|Any CPU.ActiveCfg = Release|Any CPU
		{30EB102D-7843-4649-B41C-B8B38D0AA627}.Release|Any CPU.Build.0 = Release|Any CPU
	EndGlobalSection
	GlobalSection(SolutionProperties) = preSolution
		HideSolutionNode = FALSE
	EndGlobalSection
	GlobalSection(ExtensibilityGlobals) = postSolution
		SolutionGuid = {A1F4DA82-628A-44D6-8446-FD2A69DF0AF2}
	EndGlobalSection
EndGlobal
